
Microsoft Visual Studio Solution File, Format Version 12.00
# Visual Studio Version 17
VisualStudioVersion = 17.14.36025.13 d17.14
MinimumVisualStudioVersion = 10.0.40219.1
Project("{FAE04EC0-301F-11D3-BF4B-00C04F79EFBC}") = "Static Assignment", "Static Assignment.csproj", "{3C10745F-7880-4FB8-8A91-546AE07F2073}"
EndProject
Global
	GlobalSection(SolutionConfigurationPlatforms) = preSolution
		Debug|Any CPU = Debug|Any CPU
		Release|Any CPU = Release|Any CPU
	EndGlobalSection
	GlobalSection(ProjectConfigurationPlatforms) = postSolution
		{3C10745F-7880-4FB8-8A91-546AE07F2073}.Debug|Any CPU.ActiveCfg = Debug|Any CPU
		{3C10745F-7880-4FB8-8A91-546AE07F2073}.Debug|Any CPU.Build.0 = Debug|Any CPU
		{3C10745F-7880-4FB8-8A91-546AE07F2073}.Release|Any CPU.ActiveCfg = Release|Any CPU
		{3C10745F-7880-4FB8-8A91-546AE07F2073}.Release|Any CPU.Build.0 = Release|Any CPU
	EndGlobalSection
	GlobalSection(SolutionProperties) = preSolution
		HideSolutionNode = FALSE
	EndGlobalSection
	GlobalSection(ExtensibilityGlobals) = postSolution
		SolutionGuid = {7B9FB8F5-B32B-4565-872D-35DA7310996C}
	EndGlobalSection
EndGlobal
